// !$*UTF8*$!
{
	archiveVersion = 1;
	classes = {
	};
	objectVersion = 77;
	objects = {

/* Begin PBXBuildFile section */
		01A20410E25116CD66E6B539 /* OnboardingView.swift in Sources */ = {isa = PBXBuildFile; fileRef = 1246AADCDA3B9A5F3644558E /* OnboardingView.swift */; };
		0E207CF255484672702D5670 /* InsightsView.swift in Sources */ = {isa = PBXBuildFile; fileRef = 9B9F7F329AEA1096A50E3680 /* InsightsView.swift */; };
		16956AEA99D40F421FFD3602 /* FeedingRecord.swift in Sources */ = {isa = PBXBuildFile; fileRef = 9E7957A6FFBCBC5D8AEEF5AC /* FeedingRecord.swift */; };
		204971305067E5B850375015 /* APIService.swift in Sources */ = {isa = PBXBuildFile; fileRef = E48054E79DA77583BABD5F24 /* APIService.swift */; };
		231B8BFC3BCCE6A22F5976B6 /* RecordView.swift in Sources */ = {isa = PBXBuildFile; fileRef = 013C7052B88E4A864A47B57C /* RecordView.swift */; };
		3D66FE997A8415B4D0D43D78 /* FeedingInputModal.swift in Sources */ = {isa = PBXBuildFile; fileRef = 442025F29BB6846B40271DC3 /* FeedingInputModal.swift */; };
		6B44343519E13F593ED92077 /* HomeView.swift in Sources */ = {isa = PBXBuildFile; fileRef = E06566A46AD3BA43DC86640E /* HomeView.swift */; };
		6D5F09C64D134EC52133843A /* AdvisorView.swift in Sources */ = {isa = PBXBuildFile; fileRef = D1F2BCA1C7EE93655E8F4B17 /* AdvisorView.swift */; };
		93E9CB95F0CA4343EF7EFC65 /* BabyDiaryApp.swift in Sources */ = {isa = PBXBuildFile; fileRef = 4F02768EF6F0C17AB201C4F4 /* BabyDiaryApp.swift */; };
		99D468FC10C2C7DDE970882E /* FeedingService.swift in Sources */ = {isa = PBXBuildFile; fileRef = DFC2E2870D48152938327CBF /* FeedingService.swift */; };
		B459E82FDAA5E4741D7E9910 /* AlarmService.swift in Sources */ = {isa = PBXBuildFile; fileRef = B6E11C2DFA94B3D961491619 /* AlarmService.swift */; };
		B7C97977DB5E9C11E0F33270 /* BowelInputModal.swift in Sources */ = {isa = PBXBuildFile; fileRef = 1B39061520D5092720D01C5D /* BowelInputModal.swift */; };
		C3CF1D1A057630A5B17DA914 /* BowelRecord.swift in Sources */ = {isa = PBXBuildFile; fileRef = 6DC881DD6444B7080C04C4F7 /* BowelRecord.swift */; };
		D9B54102EBA8FEFB973ADC7B /* AdvisorCardView.swift in Sources */ = {isa = PBXBuildFile; fileRef = A867B0F671E70820C064AFBC /* AdvisorCardView.swift */; };
		E58FCB0DA2E71FE96A3CF20D /* RootView.swift in Sources */ = {isa = PBXBuildFile; fileRef = F4B28E0CC241ABC7A1C3E133 /* RootView.swift */; };
		EA1514BF08C8C39601D8FD16 /* UserProfile.swift in Sources */ = {isa = PBXBuildFile; fileRef = 62CB3FCF25586BC5FB4035F6 /* UserProfile.swift */; };
		EE5AEB567AF9913E67673C9C /* AgeCalculatorService.swift in Sources */ = {isa = PBXBuildFile; fileRef = 4830D0EC946EFD5A098750DE /* AgeCalculatorService.swift */; };
		F4A7EE04102F5581A87A7A3E /* MainTabView.swift in Sources */ = {isa = PBXBuildFile; fileRef = 19051E50B4A3842785812CCA /* MainTabView.swift */; };
/* End PBXBuildFile section */

/* Begin PBXFileReference section */
		013C7052B88E4A864A47B57C /* RecordView.swift */ = {isa = PBXFileReference; lastKnownFileType = sourcecode.swift; path = RecordView.swift; sourceTree = "<group>"; };
		1246AADCDA3B9A5F3644558E /* OnboardingView.swift */ = {isa = PBXFileReference; lastKnownFileType = sourcecode.swift; path = OnboardingView.swift; sourceTree = "<group>"; };
		19051E50B4A3842785812CCA /* MainTabView.swift */ = {isa = PBXFileReference; lastKnownFileType = sourcecode.swift; path = MainTabView.swift; sourceTree = "<group>"; };
		1B39061520D5092720D01C5D /* BowelInputModal.swift */ = {isa = PBXFileReference; lastKnownFileType = sourcecode.swift; path = BowelInputModal.swift; sourceTree = "<group>"; };
		442025F29BB6846B40271DC3 /* FeedingInputModal.swift */ = {isa = PBXFileReference; lastKnownFileType = sourcecode.swift; path = FeedingInputModal.swift; sourceTree = "<group>"; };
		4830D0EC946EFD5A098750DE /* AgeCalculatorService.swift */ = {isa = PBXFileReference; lastKnownFileType = sourcecode.swift; path = AgeCalculatorService.swift; sourceTree = "<group>"; };
		4F02768EF6F0C17AB201C4F4 /* BabyDiaryApp.swift */ = {isa = PBXFileReference; lastKnownFileType = sourcecode.swift; path = BabyDiaryApp.swift; sourceTree = "<group>"; };
		62CB3FCF25586BC5FB4035F6 /* UserProfile.swift */ = {isa = PBXFileReference; lastKnownFileType = sourcecode.swift; path = UserProfile.swift; sourceTree = "<group>"; };
		6DC881DD6444B7080C04C4F7 /* BowelRecord.swift */ = {isa = PBXFileReference; lastKnownFileType = sourcecode.swift; path = BowelRecord.swift; sourceTree = "<group>"; };
		75A3C34D1CA00285FB7EA36C /* BabyDiary.app */ = {isa = PBXFileReference; includeInIndex = 0; lastKnownFileType = wrapper.application; path = BabyDiary.app; sourceTree = BUILT_PRODUCTS_DIR; };
		9B9F7F329AEA1096A50E3680 /* InsightsView.swift */ = {isa = PBXFileReference; lastKnownFileType = sourcecode.swift; path = InsightsView.swift; sourceTree = "<group>"; };
		9E7957A6FFBCBC5D8AEEF5AC /* FeedingRecord.swift */ = {isa = PBXFileReference; lastKnownFileType = sourcecode.swift; path = FeedingRecord.swift; sourceTree = "<group>"; };
		A867B0F671E70820C064AFBC /* AdvisorCardView.swift */ = {isa = PBXFileReference; lastKnownFileType = sourcecode.swift; path = AdvisorCardView.swift; sourceTree = "<group>"; };
		B6E11C2DFA94B3D961491619 /* AlarmService.swift */ = {isa = PBXFileReference; lastKnownFileType = sourcecode.swift; path = AlarmService.swift; sourceTree = "<group>"; };
		BE27119D313623D0237EE013 /* Info.plist */ = {isa = PBXFileReference; lastKnownFileType = text.plist; path = Info.plist; sourceTree = "<group>"; };
		D1F2BCA1C7EE93655E8F4B17 /* AdvisorView.swift */ = {isa = PBXFileReference; lastKnownFileType = sourcecode.swift; path = AdvisorView.swift; sourceTree = "<group>"; };
		DFC2E2870D48152938327CBF /* FeedingService.swift */ = {isa = PBXFileReference; lastKnownFileType = sourcecode.swift; path = FeedingService.swift; sourceTree = "<group>"; };
		E06566A46AD3BA43DC86640E /* HomeView.swift */ = {isa = PBXFileReference; lastKnownFileType = sourcecode.swift; path = HomeView.swift; sourceTree = "<group>"; };
		E48054E79DA77583BABD5F24 /* APIService.swift */ = {isa = PBXFileReference; lastKnownFileType = sourcecode.swift; path = APIService.swift; sourceTree = "<group>"; };
		F4B28E0CC241ABC7A1C3E133 /* RootView.swift */ = {isa = PBXFileReference; lastKnownFileType = sourcecode.swift; path = RootView.swift; sourceTree = "<group>"; };
/* End PBXFileReference section */

/* Begin PBXGroup section */
		01C80AB52E347EB732C0C019 /* Services */ = {
			isa = PBXGroup;
			children = (
				4830D0EC946EFD5A098750DE /* AgeCalculatorService.swift */,
				B6E11C2DFA94B3D961491619 /* AlarmService.swift */,
				E48054E79DA77583BABD5F24 /* APIService.swift */,
				DFC2E2870D48152938327CBF /* FeedingService.swift */,
			);
			path = Services;
			sourceTree = "<group>";
		};
		01FE9D35B8260DF21D466116 /* Insights */ = {
			isa = PBXGroup;
			children = (
				9B9F7F329AEA1096A50E3680 /* InsightsView.swift */,
			);
			path = Insights;
			sourceTree = "<group>";
		};
		1DCADB240743A8F6DCB97101 /* Record */ = {
			isa = PBXGroup;
			children = (
				013C7052B88E4A864A47B57C /* RecordView.swift */,
			);
			path = Record;
			sourceTree = "<group>";
		};
		34C8786E199340F7C2C4F65B /* App */ = {
			isa = PBXGroup;
			children = (
				4F02768EF6F0C17AB201C4F4 /* BabyDiaryApp.swift */,
				F4B28E0CC241ABC7A1C3E133 /* RootView.swift */,
			);
			path = App;
			sourceTree = "<group>";
		};
		42E531F801D0438C7FE233A1 /* BabyDiary */ = {
			isa = PBXGroup;
			children = (
				34C8786E199340F7C2C4F65B /* App */,
				63D0238C48103C1EF6C48E6C /* Models */,
				A314F73EDC210E0ECB183A54 /* Resources */,
				01C80AB52E347EB732C0C019 /* Services */,
				DC67CA8A318338B5E3938AF2 /* Views */,
			);
			path = BabyDiary;
			sourceTree = "<group>";
		};
		49C4FC9E632CA516A019C0F3 /* Home */ = {
			isa = PBXGroup;
			children = (
				A867B0F671E70820C064AFBC /* AdvisorCardView.swift */,
				1B39061520D5092720D01C5D /* BowelInputModal.swift */,
				442025F29BB6846B40271DC3 /* FeedingInputModal.swift */,
				E06566A46AD3BA43DC86640E /* HomeView.swift */,
			);
			path = Home;
			sourceTree = "<group>";
		};
		63D0238C48103C1EF6C48E6C /* Models */ = {
			isa = PBXGroup;
			children = (
				6DC881DD6444B7080C04C4F7 /* BowelRecord.swift */,
				9E7957A6FFBCBC5D8AEEF5AC /* FeedingRecord.swift */,
				62CB3FCF25586BC5FB4035F6 /* UserProfile.swift */,
			);
			path = Models;
			sourceTree = "<group>";
		};
		A314F73EDC210E0ECB183A54 /* Resources */ = {
			isa = PBXGroup;
			children = (
				BE27119D313623D0237EE013 /* Info.plist */,
			);
			path = Resources;
			sourceTree = "<group>";
		};
		CCC191B79BC5342D7BDD78F7 /* Advisor */ = {
			isa = PBXGroup;
			children = (
				D1F2BCA1C7EE93655E8F4B17 /* AdvisorView.swift */,
			);
			path = Advisor;
			sourceTree = "<group>";
		};
		D843DDEFFCB97C711D9002DA /* Onboarding */ = {
			isa = PBXGroup;
			children = (
				1246AADCDA3B9A5F3644558E /* OnboardingView.swift */,
			);
			path = Onboarding;
			sourceTree = "<group>";
		};
		DC67CA8A318338B5E3938AF2 /* Views */ = {
			isa = PBXGroup;
			children = (
				19051E50B4A3842785812CCA /* MainTabView.swift */,
				CCC191B79BC5342D7BDD78F7 /* Advisor */,
				49C4FC9E632CA516A019C0F3 /* Home */,
				01FE9D35B8260DF21D466116 /* Insights */,
				D843DDEFFCB97C711D9002DA /* Onboarding */,
				1DCADB240743A8F6DCB97101 /* Record */,
			);
			path = Views;
			sourceTree = "<group>";
		};
		E1FDFEE244D20E1409F49340 /* Products */ = {
			isa = PBXGroup;
			children = (
				75A3C34D1CA00285FB7EA36C /* BabyDiary.app */,
			);
			name = Products;
			sourceTree = "<group>";
		};
		EFC868DDFBC9C2FFE0EF59FC = {
			isa = PBXGroup;
			children = (
				42E531F801D0438C7FE233A1 /* BabyDiary */,
				E1FDFEE244D20E1409F49340 /* Products */,
			);
			sourceTree = "<group>";
		};
/* End PBXGroup section */

/* Begin PBXNativeTarget section */
		A68AA7335EC1761E9A73A6DB /* BabyDiary */ = {
			isa = PBXNativeTarget;
			buildConfigurationList = D581B9285B4AEF45A683C15B /* Build configuration list for PBXNativeTarget "BabyDiary" */;
			buildPhases = (
				C9A85C57BBDD0F5F1BE27B25 /* Sources */,
			);
			buildRules = (
			);
			dependencies = (
			);
			name = BabyDiary;
			packageProductDependencies = (
			);
			productName = BabyDiary;
			productReference = 75A3C34D1CA00285FB7EA36C /* BabyDiary.app */;
			productType = "com.apple.product-type.application";
		};
/* End PBXNativeTarget section */

/* Begin PBXProject section */
		06C240B629E5435D8A0B05AD /* Project object */ = {
			isa = PBXProject;
			attributes = {
				BuildIndependentTargetsInParallel = YES;
				LastUpgradeCheck = 1600;
				TargetAttributes = {
					A68AA7335EC1761E9A73A6DB = {
						DevelopmentTeam = "";
					};
				};
			};
			buildConfigurationList = C8ABFBA6B1579CF90C36924B /* Build configuration list for PBXProject "BabyDiary" */;
			developmentRegion = en;
			hasScannedForEncodings = 0;
			knownRegions = (
				Base,
				en,
			);
			mainGroup = EFC868DDFBC9C2FFE0EF59FC;
			minimizedProjectReferenceProxies = 1;
			preferredProjectObjectVersion = 77;
			productRefGroup = E1FDFEE244D20E1409F49340 /* Products */;
			projectDirPath = "";
			projectRoot = "";
			targets = (
				A68AA7335EC1761E9A73A6DB /* BabyDiary */,
			);
		};
/* End PBXProject section */

/* Begin PBXSourcesBuildPhase section */
		C9A85C57BBDD0F5F1BE27B25 /* Sources */ = {
			isa = PBXSourcesBuildPhase;
			buildActionMask = 2147483647;
			files = (
				204971305067E5B850375015 /* APIService.swift in Sources */,
				D9B54102EBA8FEFB973ADC7B /* AdvisorCardView.swift in Sources */,
				6D5F09C64D134EC52133843A /* AdvisorView.swift in Sources */,
				EE5AEB567AF9913E67673C9C /* AgeCalculatorService.swift in Sources */,
				B459E82FDAA5E4741D7E9910 /* AlarmService.swift in Sources */,
				93E9CB95F0CA4343EF7EFC65 /* BabyDiaryApp.swift in Sources */,
				B7C97977DB5E9C11E0F33270 /* BowelInputModal.swift in Sources */,
				C3CF1D1A057630A5B17DA914 /* BowelRecord.swift in Sources */,
				3D66FE997A8415B4D0D43D78 /* FeedingInputModal.swift in Sources */,
				16956AEA99D40F421FFD3602 /* FeedingRecord.swift in Sources */,
				99D468FC10C2C7DDE970882E /* FeedingService.swift in Sources */,
				6B44343519E13F593ED92077 /* HomeView.swift in Sources */,
				0E207CF255484672702D5670 /* InsightsView.swift in Sources */,
				F4A7EE04102F5581A87A7A3E /* MainTabView.swift in Sources */,
				01A20410E25116CD66E6B539 /* OnboardingView.swift in Sources */,
				231B8BFC3BCCE6A22F5976B6 /* RecordView.swift in Sources */,
				E58FCB0DA2E71FE96A3CF20D /* RootView.swift in Sources */,
				EA1514BF08C8C39601D8FD16 /* UserProfile.swift in Sources */,
			);
			runOnlyForDeploymentPostprocessing = 0;
		};
/* End PBXSourcesBuildPhase section */

/* Begin XCBuildConfiguration section */
		32E79ED49CC35CF7F772608F /* Release */ = {
			isa = XCBuildConfiguration;
			buildSettings = {
				ALWAYS_SEARCH_USER_PATHS = NO;
				CLANG_ANALYZER_NONNULL = YES;
				CLANG_ANALYZER_NUMBER_OBJECT_CONVERSION = YES_AGGRESSIVE;
				CLANG_CXX_LANGUAGE_STANDARD = "gnu++14";
				CLANG_CXX_LIBRARY = "libc++";
				CLANG_ENABLE_MODULES = YES;
				CLANG_ENABLE_OBJC_ARC = YES;
				CLANG_ENABLE_OBJC_WEAK = YES;
				CLANG_WARN_BLOCK_CAPTURE_AUTORELEASING = YES;
				CLANG_WARN_BOOL_CONVERSION = YES;
				CLANG_WARN_COMMA = YES;
				CLANG_WARN_CONSTANT_CONVERSION = YES;
				CLANG_WARN_DEPRECATED_OBJC_IMPLEMENTATIONS = YES;
				CLANG_WARN_DIRECT_OBJC_ISA_USAGE = YES_ERROR;
				CLANG_WARN_DOCUMENTATION_COMMENTS = YES;
				CLANG_WARN_EMPTY_BODY = YES;
				CLANG_WARN_ENUM_CONVERSION = YES;
				CLANG_WARN_INFINITE_RECURSION = YES;
				CLANG_WARN_INT_CONVERSION = YES;
				CLANG_WARN_NON_LITERAL_NULL_CONVERSION = YES;
				CLANG_WARN_OBJC_IMPLICIT_RETAIN_SELF = YES;
				CLANG_WARN_OBJC_LITERAL_CONVERSION = YES;
				CLANG_WARN_OBJC_ROOT_CLASS = YES_ERROR;
				CLANG_WARN_QUOTED_INCLUDE_IN_FRAMEWORK_HEADER = YES;
				CLANG_WARN_RANGE_LOOP_ANALYSIS = YES;
				CLANG_WARN_STRICT_PROTOTYPES = YES;
				CLANG_WARN_SUSPICIOUS_MOVE = YES;
				CLANG_WARN_UNGUARDED_AVAILABILITY = YES_AGGRESSIVE;
				CLANG_WARN_UNREACHABLE_CODE = YES;
				CLANG_WARN__DUPLICATE_METHOD_MATCH = YES;
				COPY_PHASE_STRIP = NO;
				DEBUG_INFORMATION_FORMAT = "dwarf-with-dsym";
				ENABLE_NS_ASSERTIONS = NO;
				ENABLE_STRICT_OBJC_MSGSEND = YES;
				GCC_C_LANGUAGE_STANDARD = gnu11;
				GCC_NO_COMMON_BLOCKS = YES;
				GCC_WARN_64_TO_32_BIT_CONVERSION = YES;
				GCC_WARN_ABOUT_RETURN_TYPE = YES_ERROR;
				GCC_WARN_UNDECLARED_SELECTOR = YES;
				GCC_WARN_UNINITIALIZED_AUTOS = YES_AGGRESSIVE;
				GCC_WARN_UNUSED_FUNCTION = YES;
				GCC_WARN_UNUSED_VARIABLE = YES;
				IPHONEOS_DEPLOYMENT_TARGET = 17.0;
				MTL_ENABLE_DEBUG_INFO = NO;
				MTL_FAST_MATH = YES;
				PRODUCT_NAME = "$(TARGET_NAME)";
				SDKROOT = iphoneos;
				SWIFT_COMPILATION_MODE = wholemodule;
				SWIFT_OPTIMIZATION_LEVEL = "-O";
				SWIFT_VERSION = 6.0;
			};
			name = Release;
		};
		A3846F42D31AB66BC603DF45 /* Debug */ = {
			isa = XCBuildConfiguration;
			buildSettings = {
				ALWAYS_SEARCH_USER_PATHS = NO;
				CLANG_ANALYZER_NONNULL = YES;
				CLANG_ANALYZER_NUMBER_OBJECT_CONVERSION = YES_AGGRESSIVE;
				CLANG_CXX_LANGUAGE_STANDARD = "gnu++14";
				CLANG_CXX_LIBRARY = "libc++";
				CLANG_ENABLE_MODULES = YES;
				CLANG_ENABLE_OBJC_ARC = YES;
				CLANG_ENABLE_OBJC_WEAK = YES;
				CLANG_WARN_BLOCK_CAPTURE_AUTORELEASING = YES;
				CLANG_WARN_BOOL_CONVERSION = YES;
				CLANG_WARN_COMMA = YES;
				CLANG_WARN_CONSTANT_CONVERSION = YES;
				CLANG_WARN_DEPRECATED_OBJC_IMPLEMENTATIONS = YES;
				CLANG_WARN_DIRECT_OBJC_ISA_USAGE = YES_ERROR;
				CLANG_WARN_DOCUMENTATION_COMMENTS = YES;
				CLANG_WARN_EMPTY_BODY = YES;
				CLANG_WARN_ENUM_CONVERSION = YES;
				CLANG_WARN_INFINITE_RECURSION = YES;
				CLANG_WARN_INT_CONVERSION = YES;
				CLANG_WARN_NON_LITERAL_NULL_CONVERSION = YES;
				CLANG_WARN_OBJC_IMPLICIT_RETAIN_SELF = YES;
				CLANG_WARN_OBJC_LITERAL_CONVERSION = YES;
				CLANG_WARN_OBJC_ROOT_CLASS = YES_ERROR;
				CLANG_WARN_QUOTED_INCLUDE_IN_FRAMEWORK_HEADER = YES;
				CLANG_WARN_RANGE_LOOP_ANALYSIS = YES;
				CLANG_WARN_STRICT_PROTOTYPES = YES;
				CLANG_WARN_SUSPICIOUS_MOVE = YES;
				CLANG_WARN_UNGUARDED_AVAILABILITY = YES_AGGRESSIVE;
				CLANG_WARN_UNREACHABLE_CODE = YES;
				CLANG_WARN__DUPLICATE_METHOD_MATCH = YES;
				COPY_PHASE_STRIP = NO;
				DEBUG_INFORMATION_FORMAT = dwarf;
				ENABLE_STRICT_OBJC_MSGSEND = YES;
				ENABLE_TESTABILITY = YES;
				GCC_C_LANGUAGE_STANDARD = gnu11;
				GCC_DYNAMIC_NO_PIC = NO;
				GCC_NO_COMMON_BLOCKS = YES;
				GCC_OPTIMIZATION_LEVEL = 0;
				GCC_PREPROCESSOR_DEFINITIONS = (
					"$(inherited)",
					"DEBUG=1",
				);
				GCC_WARN_64_TO_32_BIT_CONVERSION = YES;
				GCC_WARN_ABOUT_RETURN_TYPE = YES_ERROR;
				GCC_WARN_UNDECLARED_SELECTOR = YES;
				GCC_WARN_UNINITIALIZED_AUTOS = YES_AGGRESSIVE;
				GCC_WARN_UNUSED_FUNCTION = YES;
				GCC_WARN_UNUSED_VARIABLE = YES;
				IPHONEOS_DEPLOYMENT_TARGET = 17.0;
				MTL_ENABLE_DEBUG_INFO = INCLUDE_SOURCE;
				MTL_FAST_MATH = YES;
				ONLY_ACTIVE_ARCH = YES;
				PRODUCT_NAME = "$(TARGET_NAME)";
				SDKROOT = iphoneos;
				SWIFT_ACTIVE_COMPILATION_CONDITIONS = DEBUG;
				SWIFT_OPTIMIZATION_LEVEL = "-Onone";
				SWIFT_VERSION = 6.0;
			};
			name = Debug;
		};
		E61851B5346EAD58CDB9FA9F /* Debug */ = {
			isa = XCBuildConfiguration;
			buildSettings = {
				ASSETCATALOG_COMPILER_APPICON_NAME = AppIcon;
				CODE_SIGN_IDENTITY = "iPhone Developer";
				DEVELOPMENT_TEAM = "";
				INFOPLIST_FILE = BabyDiary/Resources/Info.plist;
				IPHONEOS_DEPLOYMENT_TARGET = 17.0;
				LD_RUNPATH_SEARCH_PATHS = (
					"$(inherited)",
					"@executable_path/Frameworks",
				);
				PRODUCT_BUNDLE_IDENTIFIER = com.youngbaby.app;
				PRODUCT_NAME = "아기 일기장";
				SDKROOT = iphoneos;
				SWIFT_VERSION = 6.0;
				TARGETED_DEVICE_FAMILY = "1,2";
			};
			name = Debug;
		};
		EEF33B2D90F25C625B527055 /* Release */ = {
			isa = XCBuildConfiguration;
			buildSettings = {
				ASSETCATALOG_COMPILER_APPICON_NAME = AppIcon;
				CODE_SIGN_IDENTITY = "iPhone Developer";
				DEVELOPMENT_TEAM = "";
				INFOPLIST_FILE = BabyDiary/Resources/Info.plist;
				IPHONEOS_DEPLOYMENT_TARGET = 17.0;
				LD_RUNPATH_SEARCH_PATHS = (
					"$(inherited)",
					"@executable_path/Frameworks",
				);
				PRODUCT_BUNDLE_IDENTIFIER = com.youngbaby.app;
				PRODUCT_NAME = "아기 일기장";
				SDKROOT = iphoneos;
				SWIFT_VERSION = 6.0;
				TARGETED_DEVICE_FAMILY = "1,2";
			};
			name = Release;
		};
/* End XCBuildConfiguration section */

/* Begin XCConfigurationList section */
		C8ABFBA6B1579CF90C36924B /* Build configuration list for PBXProject "BabyDiary" */ = {
			isa = XCConfigurationList;
			buildConfigurations = (
				A3846F42D31AB66BC603DF45 /* Debug */,
				32E79ED49CC35CF7F772608F /* Release */,
			);
			defaultConfigurationIsVisible = 0;
			defaultConfigurationName = Debug;
		};
		D581B9285B4AEF45A683C15B /* Build configuration list for PBXNativeTarget "BabyDiary" */ = {
			isa = XCConfigurationList;
			buildConfigurations = (
				E61851B5346EAD58CDB9FA9F /* Debug */,
				EEF33B2D90F25C625B527055 /* Release */,
			);
			defaultConfigurationIsVisible = 0;
			defaultConfigurationName = Debug;
		};
/* End XCConfigurationList section */
	};
	rootObject = 06C240B629E5435D8A0B05AD /* Project object */;
}
